
Microsoft Visual Studio Solution File, Format Version 11.00
# Visual Basic Express 2010
Project("{F184B08F-C81C-45F6-A57F-5ABD9991F28F}") = "Corel-Draw-X3-Fake-Key-Generator", "Corel-Draw-X3-Fake-Key-Generator\Corel-Draw-X3-Fake-Key-Generator.vbproj", "{9B7E9648-8233-48F4-8C55-5D0330348489}"
EndProject
Global
	GlobalSection(SolutionConfigurationPlatforms) = preSolution
		Debug|x86 = Debug|x86
		Release|x86 = Release|x86
	EndGlobalSection
	GlobalSection(ProjectConfigurationPlatforms) = postSolution
		{9B7E9648-8233-48F4-8C55-5D0330348489}.Debug|x86.ActiveCfg = Debug|x86
		{9B7E9648-8233-48F4-8C55-5D0330348489}.Debug|x86.Build.0 = Debug|x86
		{9B7E9648-8233-48F4-8C55-5D0330348489}.Release|x86.ActiveCfg = Release|x86
		{9B7E9648-8233-48F4-8C55-5D0330348489}.Release|x86.Build.0 = Release|x86
	EndGlobalSection
	GlobalSection(SolutionProperties) = preSolution
		HideSolutionNode = FALSE
	EndGlobalSection
EndGlobal
